
Microsoft Visual Studio Solution File, Format Version 12.00
# Visual Studio 15
VisualStudioVersion = 15.0.26124.0
MinimumVisualStudioVersion = 15.0.26124.0
Project("{9A19103F-16F7-4668-BE54-9A1E7A4F7556}") = "Domain", "src\Domain\Domain.csproj", "{698DAF12-8A29-426C-A185-CBC5D6FF9D0D}"
EndProject
Project("{2150E333-8FDC-42A3-9474-1A3956D46DE8}") = "Tests", "Tests", "{47D8F30A-7FA4-4654-B89F-4C1C1DD8894E}"
EndProject
Project("{9A19103F-16F7-4668-BE54-9A1E7A4F7556}") = "Domain.Tests", "tests\Domain.Tests\Domain.Tests.csproj", "{3CDCE54D-24CB-4413-A8CA-FC55A632E8FD}"
EndProject
Project("{FAE04EC0-301F-11D3-BF4B-00C04F79EFBC}") = "Fixtures", "tests\Fixtures\Fixtures.csproj", "{F580039A-5100-4B83-8754-934796BE040C}"
EndProject
Global
	GlobalSection(SolutionConfigurationPlatforms) = preSolution
		Debug|Any CPU = Debug|Any CPU
		Debug|x64 = Debug|x64
		Debug|x86 = Debug|x86
		Release|Any CPU = Release|Any CPU
		Release|x64 = Release|x64
		Release|x86 = Release|x86
	EndGlobalSection
	GlobalSection(ProjectConfigurationPlatforms) = postSolution
		{698DAF12-8A29-426C-A185-CBC5D6FF9D0D}.Debug|Any CPU.ActiveCfg = Debug|Any CPU
		{698DAF12-8A29-426C-A185-CBC5D6FF9D0D}.Debug|Any CPU.Build.0 = Debug|Any CPU
		{698DAF12-8A29-426C-A185-CBC5D6FF9D0D}.Debug|x64.ActiveCfg = Debug|Any CPU
		{698DAF12-8A29-426C-A185-CBC5D6FF9D0D}.Debug|x64.Build.0 = Debug|Any CPU
		{698DAF12-8A29-426C-A185-CBC5D6FF9D0D}.Debug|x86.ActiveCfg = Debug|Any CPU
		{698DAF12-8A29-426C-A185-CBC5D6FF9D0D}.Debug|x86.Build.0 = Debug|Any CPU
		{698DAF12-8A29-426C-A185-CBC5D6FF9D0D}.Release|Any CPU.ActiveCfg = Release|Any CPU
		{698DAF12-8A29-426C-A185-CBC5D6FF9D0D}.Release|Any CPU.Build.0 = Release|Any CPU
		{698DAF12-8A29-426C-A185-CBC5D6FF9D0D}.Release|x64.ActiveCfg = Release|Any CPU
		{698DAF12-8A29-426C-A185-CBC5D6FF9D0D}.Release|x64.Build.0 = Release|Any CPU
		{698DAF12-8A29-426C-A185-CBC5D6FF9D0D}.Release|x86.ActiveCfg = Release|Any CPU
		{698DAF12-8A29-426C-A185-CBC5D6FF9D0D}.Release|x86.Build.0 = Release|Any CPU
		{3CDCE54D-24CB-4413-A8CA-FC55A632E8FD}.Debug|Any CPU.ActiveCfg = Debug|Any CPU
		{3CDCE54D-24CB-4413-A8CA-FC55A632E8FD}.Debug|Any CPU.Build.0 = Debug|Any CPU
		{3CDCE54D-24CB-4413-A8CA-FC55A632E8FD}.Debug|x64.ActiveCfg = Debug|Any CPU
		{3CDCE54D-24CB-4413-A8CA-FC55A632E8FD}.Debug|x64.Build.0 = Debug|Any CPU
		{3CDCE54D-24CB-4413-A8CA-FC55A632E8FD}.Debug|x86.ActiveCfg = Debug|Any CPU
		{3CDCE54D-24CB-4413-A8CA-FC55A632E8FD}.Debug|x86.Build.0 = Debug|Any CPU
		{3CDCE54D-24CB-4413-A8CA-FC55A632E8FD}.Release|Any CPU.ActiveCfg = Release|Any CPU
		{3CDCE54D-24CB-4413-A8CA-FC55A632E8FD}.Release|Any CPU.Build.0 = Release|Any CPU
		{3CDCE54D-24CB-4413-A8CA-FC55A632E8FD}.Release|x64.ActiveCfg = Release|Any CPU
		{3CDCE54D-24CB-4413-A8CA-FC55A632E8FD}.Release|x64.Build.0 = Release|Any CPU
		{3CDCE54D-24CB-4413-A8CA-FC55A632E8FD}.Release|x86.ActiveCfg = Release|Any CPU
		{3CDCE54D-24CB-4413-A8CA-FC55A632E8FD}.Release|x86.Build.0 = Release|Any CPU
		{F580039A-5100-4B83-8754-934796BE040C}.Debug|Any CPU.ActiveCfg = Debug|Any CPU
		{F580039A-5100-4B83-8754-934796BE040C}.Debug|Any CPU.Build.0 = Debug|Any CPU
		{F580039A-5100-4B83-8754-934796BE040C}.Debug|x64.ActiveCfg = Debug|Any CPU
		{F580039A-5100-4B83-8754-934796BE040C}.Debug|x64.Build.0 = Debug|Any CPU
		{F580039A-5100-4B83-8754-934796BE040C}.Debug|x86.ActiveCfg = Debug|Any CPU
		{F580039A-5100-4B83-8754-934796BE040C}.Debug|x86.Build.0 = Debug|Any CPU
		{F580039A-5100-4B83-8754-934796BE040C}.Release|Any CPU.ActiveCfg = Release|Any CPU
		{F580039A-5100-4B83-8754-934796BE040C}.Release|Any CPU.Build.0 = Release|Any CPU
		{F580039A-5100-4B83-8754-934796BE040C}.Release|x64.ActiveCfg = Release|Any CPU
		{F580039A-5100-4B83-8754-934796BE040C}.Release|x64.Build.0 = Release|Any CPU
		{F580039A-5100-4B83-8754-934796BE040C}.Release|x86.ActiveCfg = Release|Any CPU
		{F580039A-5100-4B83-8754-934796BE040C}.Release|x86.Build.0 = Release|Any CPU
	EndGlobalSection
	GlobalSection(SolutionProperties) = preSolution
		HideSolutionNode = FALSE
	EndGlobalSection
	GlobalSection(NestedProjects) = preSolution
		{3CDCE54D-24CB-4413-A8CA-FC55A632E8FD} = {47D8F30A-7FA4-4654-B89F-4C1C1DD8894E}
		{F580039A-5100-4B83-8754-934796BE040C} = {47D8F30A-7FA4-4654-B89F-4C1C1DD8894E}
	EndGlobalSection
	GlobalSection(ExtensibilityGlobals) = postSolution
		SolutionGuid = {9A3316CC-5370-4D68-A9C2-FD9051B58616}
	EndGlobalSection
EndGlobal
